// !$*UTF8*$!
{
	archiveVersion = 1;
	classes = {
	};
	objectVersion = 50;
	objects = {

/* Begin PBXBuildFile section */
		392DF82D22932C690012A534 /* CategoryViewController.swift in Sources */ = {isa = PBXBuildFile; fileRef = 392DF82C22932C690012A534 /* CategoryViewController.swift */; };
		397E94B122A1A8EC0082EF92 /* Item.swift in Sources */ = {isa = PBXBuildFile; fileRef = 397E94B022A1A8EC0082EF92 /* Item.swift */; };
		397E94B322A1A8F70082EF92 /* Category.swift in Sources */ = {isa = PBXBuildFile; fileRef = 397E94B222A1A8F70082EF92 /* Category.swift */; };
		39FFD7AE227CC28B00045565 /* AppDelegate.swift in Sources */ = {isa = PBXBuildFile; fileRef = 39FFD7AD227CC28B00045565 /* AppDelegate.swift */; };
		39FFD7B0227CC28B00045565 /* ToDoListViewController.swift in Sources */ = {isa = PBXBuildFile; fileRef = 39FFD7AF227CC28B00045565 /* ToDoListViewController.swift */; };
		39FFD7B3227CC28B00045565 /* Main.storyboard in Resources */ = {isa = PBXBuildFile; fileRef = 39FFD7B1227CC28B00045565 /* Main.storyboard */; };
		39FFD7B5227CC28C00045565 /* Assets.xcassets in Resources */ = {isa = PBXBuildFile; fileRef = 39FFD7B4227CC28C00045565 /* Assets.xcassets */; };
		39FFD7B8227CC28C00045565 /* LaunchScreen.storyboard in Resources */ = {isa = PBXBuildFile; fileRef = 39FFD7B6227CC28C00045565 /* LaunchScreen.storyboard */; };
		3B0CDAFBBD2CCB28861EB8D3 /* Pods_Todoey.framework in Frameworks */ = {isa = PBXBuildFile; fileRef = AA937BFF01FCE7DD458546BF /* Pods_Todoey.framework */; };
/* End PBXBuildFile section */

/* Begin PBXFileReference section */
		392DF82C22932C690012A534 /* CategoryViewController.swift */ = {isa = PBXFileReference; lastKnownFileType = sourcecode.swift; name = CategoryViewController.swift; path = Todoey/Controllers/CategoryViewController.swift; sourceTree = SOURCE_ROOT; };
		397E94B022A1A8EC0082EF92 /* Item.swift */ = {isa = PBXFileReference; lastKnownFileType = sourcecode.swift; path = Item.swift; sourceTree = "<group>"; };
		397E94B222A1A8F70082EF92 /* Category.swift */ = {isa = PBXFileReference; lastKnownFileType = sourcecode.swift; path = Category.swift; sourceTree = "<group>"; };
		39FFD7AA227CC28B00045565 /* Todoey.app */ = {isa = PBXFileReference; explicitFileType = wrapper.application; includeInIndex = 0; path = Todoey.app; sourceTree = BUILT_PRODUCTS_DIR; };
		39FFD7AD227CC28B00045565 /* AppDelegate.swift */ = {isa = PBXFileReference; lastKnownFileType = sourcecode.swift; path = AppDelegate.swift; sourceTree = "<group>"; };
		39FFD7AF227CC28B00045565 /* ToDoListViewController.swift */ = {isa = PBXFileReference; lastKnownFileType = sourcecode.swift; path = ToDoListViewController.swift; sourceTree = "<group>"; };
		39FFD7B2227CC28B00045565 /* Base */ = {isa = PBXFileReference; lastKnownFileType = file.storyboard; name = Base; path = Base.lproj/Main.storyboard; sourceTree = "<group>"; };
		39FFD7B4227CC28C00045565 /* Assets.xcassets */ = {isa = PBXFileReference; lastKnownFileType = folder.assetcatalog; path = Assets.xcassets; sourceTree = "<group>"; };
		39FFD7B7227CC28C00045565 /* Base */ = {isa = PBXFileReference; lastKnownFileType = file.storyboard; name = Base; path = Base.lproj/LaunchScreen.storyboard; sourceTree = "<group>"; };
		39FFD7B9227CC28C00045565 /* Info.plist */ = {isa = PBXFileReference; lastKnownFileType = text.plist.xml; path = Info.plist; sourceTree = "<group>"; };
		91505E28FF1C4B4E72C9AF57 /* Pods-Todoey.debug.xcconfig */ = {isa = PBXFileReference; includeInIndex = 1; lastKnownFileType = text.xcconfig; name = "Pods-Todoey.debug.xcconfig"; path = "Pods/Target Support Files/Pods-Todoey/Pods-Todoey.debug.xcconfig"; sourceTree = "<group>"; };
		A8A0950271CEB2A8604AC669 /* Pods-Todoey.release.xcconfig */ = {isa = PBXFileReference; includeInIndex = 1; lastKnownFileType = text.xcconfig; name = "Pods-Todoey.release.xcconfig"; path = "Pods/Target Support Files/Pods-Todoey/Pods-Todoey.release.xcconfig"; sourceTree = "<group>"; };
		AA937BFF01FCE7DD458546BF /* Pods_Todoey.framework */ = {isa = PBXFileReference; explicitFileType = wrapper.framework; includeInIndex = 0; path = Pods_Todoey.framework; sourceTree = BUILT_PRODUCTS_DIR; };
/* End PBXFileReference section */

/* Begin PBXFrameworksBuildPhase section */
		39FFD7A7227CC28B00045565 /* Frameworks */ = {
			isa = PBXFrameworksBuildPhase;
			buildActionMask = 2147483647;
			files = (
				3B0CDAFBBD2CCB28861EB8D3 /* Pods_Todoey.framework in Frameworks */,
			);
			runOnlyForDeploymentPostprocessing = 0;
		};
/* End PBXFrameworksBuildPhase section */

/* Begin PBXGroup section */
		03224B249F6B2157FC56F3B2 /* Pods */ = {
			isa = PBXGroup;
			children = (
				91505E28FF1C4B4E72C9AF57 /* Pods-Todoey.debug.xcconfig */,
				A8A0950271CEB2A8604AC669 /* Pods-Todoey.release.xcconfig */,
			);
			name = Pods;
			sourceTree = "<group>";
		};
		39FEAB5E2285F7BC00FD553F /* Data Model */ = {
			isa = PBXGroup;
			children = (
				397E94B222A1A8F70082EF92 /* Category.swift */,
				397E94B022A1A8EC0082EF92 /* Item.swift */,
			);
			path = "Data Model";
			sourceTree = "<group>";
		};
		39FEAB5F2285F7CB00FD553F /* Controllers */ = {
			isa = PBXGroup;
			children = (
				392DF82C22932C690012A534 /* CategoryViewController.swift */,
				39FFD7AF227CC28B00045565 /* ToDoListViewController.swift */,
			);
			path = Controllers;
			sourceTree = "<group>";
		};
		39FEAB602285F7DF00FD553F /* Views */ = {
			isa = PBXGroup;
			children = (
				39FFD7B1227CC28B00045565 /* Main.storyboard */,
			);
			path = Views;
			sourceTree = "<group>";
		};
		39FEAB612285F7ED00FD553F /* Supporting Files */ = {
			isa = PBXGroup;
			children = (
				39FFD7B4227CC28C00045565 /* Assets.xcassets */,
				39FFD7B6227CC28C00045565 /* LaunchScreen.storyboard */,
			);
			path = "Supporting Files";
			sourceTree = "<group>";
		};
		39FFD7A1227CC28B00045565 = {
			isa = PBXGroup;
			children = (
				39FFD7AC227CC28B00045565 /* Todoey */,
				39FFD7AB227CC28B00045565 /* Products */,
				03224B249F6B2157FC56F3B2 /* Pods */,
				4C585B88DD381D69672FB0FC /* Frameworks */,
			);
			sourceTree = "<group>";
		};
		39FFD7AB227CC28B00045565 /* Products */ = {
			isa = PBXGroup;
			children = (
				39FFD7AA227CC28B00045565 /* Todoey.app */,
			);
			name = Products;
			sourceTree = "<group>";
		};
		39FFD7AC227CC28B00045565 /* Todoey */ = {
			isa = PBXGroup;
			children = (
				39FFD7AD227CC28B00045565 /* AppDelegate.swift */,
				39FEAB5F2285F7CB00FD553F /* Controllers */,
				39FEAB5E2285F7BC00FD553F /* Data Model */,
				39FEAB602285F7DF00FD553F /* Views */,
				39FEAB612285F7ED00FD553F /* Supporting Files */,
				39FFD7B9227CC28C00045565 /* Info.plist */,
			);
			path = Todoey;
			sourceTree = "<group>";
		};
		4C585B88DD381D69672FB0FC /* Frameworks */ = {
			isa = PBXGroup;
			children = (
				AA937BFF01FCE7DD458546BF /* Pods_Todoey.framework */,
			);
			name = Frameworks;
			sourceTree = "<group>";
		};
/* End PBXGroup section */

/* Begin PBXNativeTarget section */
		39FFD7A9227CC28B00045565 /* Todoey */ = {
			isa = PBXNativeTarget;
			buildConfigurationList = 39FFD7BC227CC28C00045565 /* Build configuration list for PBXNativeTarget "Todoey" */;
			buildPhases = (
				652741629170DED77692DB3B /* [CP] Check Pods Manifest.lock */,
				39FFD7A6227CC28B00045565 /* Sources */,
				39FFD7A7227CC28B00045565 /* Frameworks */,
				39FFD7A8227CC28B00045565 /* Resources */,
				D96B5239C01CF6EDE629663B /* [CP] Embed Pods Frameworks */,
			);
			buildRules = (
			);
			dependencies = (
			);
			name = Todoey;
			productName = Todoey;
			productReference = 39FFD7AA227CC28B00045565 /* Todoey.app */;
			productType = "com.apple.product-type.application";
		};
/* End PBXNativeTarget section */

/* Begin PBXProject section */
		39FFD7A2227CC28B00045565 /* Project object */ = {
			isa = PBXProject;
			attributes = {
				LastSwiftUpdateCheck = 0940;
				LastUpgradeCheck = 0940;
				ORGANIZATIONNAME = "Rosalie Wessels";
				TargetAttributes = {
					39FFD7A9227CC28B00045565 = {
						CreatedOnToolsVersion = 9.4.1;
					};
				};
			};
			buildConfigurationList = 39FFD7A5227CC28B00045565 /* Build configuration list for PBXProject "Todoey" */;
			compatibilityVersion = "Xcode 9.3";
			developmentRegion = en;
			hasScannedForEncodings = 0;
			knownRegions = (
				en,
				Base,
			);
			mainGroup = 39FFD7A1227CC28B00045565;
			productRefGroup = 39FFD7AB227CC28B00045565 /* Products */;
			projectDirPath = "";
			projectRoot = "";
			targets = (
				39FFD7A9227CC28B00045565 /* Todoey */,
			);
		};
/* End PBXProject section */

/* Begin PBXResourcesBuildPhase section */
		39FFD7A8227CC28B00045565 /* Resources */ = {
			isa = PBXResourcesBuildPhase;
			buildActionMask = 2147483647;
			files = (
				39FFD7B8227CC28C00045565 /* LaunchScreen.storyboard in Resources */,
				39FFD7B5227CC28C00045565 /* Assets.xcassets in Resources */,
				39FFD7B3227CC28B00045565 /* Main.storyboard in Resources */,
			);
			runOnlyForDeploymentPostprocessing = 0;
		};
/* End PBXResourcesBuildPhase section */

/* Begin PBXShellScriptBuildPhase section */
		652741629170DED77692DB3B /* [CP] Check Pods Manifest.lock */ = {
			isa = PBXShellScriptBuildPhase;
			buildActionMask = 2147483647;
			files = (
			);
			inputPaths = (
				"${PODS_PODFILE_DIR_PATH}/Podfile.lock",
				"${PODS_ROOT}/Manifest.lock",
			);
			name = "[CP] Check Pods Manifest.lock";
			outputPaths = (
				"$(DERIVED_FILE_DIR)/Pods-Todoey-checkManifestLockResult.txt",
			);
			runOnlyForDeploymentPostprocessing = 0;
			shellPath = /bin/sh;
			shellScript = "diff \"${PODS_PODFILE_DIR_PATH}/Podfile.lock\" \"${PODS_ROOT}/Manifest.lock\" > /dev/null\nif [ $? != 0 ] ; then\n    # print error to STDERR\n    echo \"error: The sandbox is not in sync with the Podfile.lock. Run 'pod install' or update your CocoaPods installation.\" >&2\n    exit 1\nfi\n# This output is used by Xcode 'outputs' to avoid re-running this script phase.\necho \"SUCCESS\" > \"${SCRIPT_OUTPUT_FILE_0}\"\n";
			showEnvVarsInLog = 0;
		};
		D96B5239C01CF6EDE629663B /* [CP] Embed Pods Frameworks */ = {
			isa = PBXShellScriptBuildPhase;
			buildActionMask = 2147483647;
			files = (
			);
			inputPaths = (
				"${SRCROOT}/Pods/Target Support Files/Pods-Todoey/Pods-Todoey-frameworks.sh",
				"${BUILT_PRODUCTS_DIR}/Realm/Realm.framework",
				"${BUILT_PRODUCTS_DIR}/RealmSwift/RealmSwift.framework",
				"${BUILT_PRODUCTS_DIR}/SwipeCellKit/SwipeCellKit.framework",
			);
			name = "[CP] Embed Pods Frameworks";
			outputPaths = (
				"${TARGET_BUILD_DIR}/${FRAMEWORKS_FOLDER_PATH}/Realm.framework",
				"${TARGET_BUILD_DIR}/${FRAMEWORKS_FOLDER_PATH}/RealmSwift.framework",
				"${TARGET_BUILD_DIR}/${FRAMEWORKS_FOLDER_PATH}/SwipeCellKit.framework",
			);
			runOnlyForDeploymentPostprocessing = 0;
			shellPath = /bin/sh;
			shellScript = "\"${SRCROOT}/Pods/Target Support Files/Pods-Todoey/Pods-Todoey-frameworks.sh\"\n";
			showEnvVarsInLog = 0;
		};
/* End PBXShellScriptBuildPhase section */

/* Begin PBXSourcesBuildPhase section */
		39FFD7A6227CC28B00045565 /* Sources */ = {
			isa = PBXSourcesBuildPhase;
			buildActionMask = 2147483647;
			files = (
				397E94B122A1A8EC0082EF92 /* Item.swift in Sources */,
				392DF82D22932C690012A534 /* CategoryViewController.swift in Sources */,
				39FFD7B0227CC28B00045565 /* ToDoListViewController.swift in Sources */,
				39FFD7AE227CC28B00045565 /* AppDelegate.swift in Sources */,
				397E94B322A1A8F70082EF92 /* Category.swift in Sources */,
			);
			runOnlyForDeploymentPostprocessing = 0;
		};
/* End PBXSourcesBuildPhase section */

/* Begin PBXVariantGroup section */
		39FFD7B1227CC28B00045565 /* Main.storyboard */ = {
			isa = PBXVariantGroup;
			children = (
				39FFD7B2227CC28B00045565 /* Base */,
			);
			name = Main.storyboard;
			sourceTree = "<group>";
		};
		39FFD7B6227CC28C00045565 /* LaunchScreen.storyboard */ = {
			isa = PBXVariantGroup;
			children = (
				39FFD7B7227CC28C00045565 /* Base */,
			);
			name = LaunchScreen.storyboard;
			sourceTree = "<group>";
		};
/* End PBXVariantGroup section */

/* Begin XCBuildConfiguration section */
		39FFD7BA227CC28C00045565 /* Debug */ = {
			isa = XCBuildConfiguration;
			buildSettings = {
				ALWAYS_SEARCH_USER_PATHS = NO;
				CLANG_ANALYZER_NONNULL = YES;
				CLANG_ANALYZER_NUMBER_OBJECT_CONVERSION = YES_AGGRESSIVE;
				CLANG_CXX_LANGUAGE_STANDARD = "gnu++14";
				CLANG_CXX_LIBRARY = "libc++";
				CLANG_ENABLE_MODULES = YES;
				CLANG_ENABLE_OBJC_ARC = YES;
				CLANG_ENABLE_OBJC_WEAK = YES;
				CLANG_WARN_BLOCK_CAPTURE_AUTORELEASING = YES;
				CLANG_WARN_BOOL_CONVERSION = YES;
				CLANG_WARN_COMMA = YES;
				CLANG_WARN_CONSTANT_CONVERSION = YES;
				CLANG_WARN_DEPRECATED_OBJC_IMPLEMENTATIONS = YES;
				CLANG_WARN_DIRECT_OBJC_ISA_USAGE = YES_ERROR;
				CLANG_WARN_DOCUMENTATION_COMMENTS = YES;
				CLANG_WARN_EMPTY_BODY = YES;
				CLANG_WARN_ENUM_CONVERSION = YES;
				CLANG_WARN_INFINITE_RECURSION = YES;
				CLANG_WARN_INT_CONVERSION = YES;
				CLANG_WARN_NON_LITERAL_NULL_CONVERSION = YES;
				CLANG_WARN_OBJC_IMPLICIT_RETAIN_SELF = YES;
				CLANG_WARN_OBJC_LITERAL_CONVERSION = YES;
				CLANG_WARN_OBJC_ROOT_CLASS = YES_ERROR;
				CLANG_WARN_RANGE_LOOP_ANALYSIS = YES;
				CLANG_WARN_STRICT_PROTOTYPES = YES;
				CLANG_WARN_SUSPICIOUS_MOVE = YES;
				CLANG_WARN_UNGUARDED_AVAILABILITY = YES_AGGRESSIVE;
				CLANG_WARN_UNREACHABLE_CODE = YES;
				CLANG_WARN__DUPLICATE_METHOD_MATCH = YES;
				CODE_SIGN_IDENTITY = "iPhone Developer";
				COPY_PHASE_STRIP = NO;
				DEBUG_INFORMATION_FORMAT = dwarf;
				ENABLE_STRICT_OBJC_MSGSEND = YES;
				ENABLE_TESTABILITY = YES;
				GCC_C_LANGUAGE_STANDARD = gnu11;
				GCC_DYNAMIC_NO_PIC = NO;
				GCC_NO_COMMON_BLOCKS = YES;
				GCC_OPTIMIZATION_LEVEL = 0;
				GCC_PREPROCESSOR_DEFINITIONS = (
					"DEBUG=1",
					"$(inherited)",
				);
				GCC_WARN_64_TO_32_BIT_CONVERSION = YES;
				GCC_WARN_ABOUT_RETURN_TYPE = YES_ERROR;
				GCC_WARN_UNDECLARED_SELECTOR = YES;
				GCC_WARN_UNINITIALIZED_AUTOS = YES_AGGRESSIVE;
				GCC_WARN_UNUSED_FUNCTION = YES;
				GCC_WARN_UNUSED_VARIABLE = YES;
				IPHONEOS_DEPLOYMENT_TARGET = 11.4;
				MTL_ENABLE_DEBUG_INFO = YES;
				ONLY_ACTIVE_ARCH = YES;
				SDKROOT = iphoneos;
				SWIFT_ACTIVE_COMPILATION_CONDITIONS = DEBUG;
				SWIFT_OPTIMIZATION_LEVEL = "-Onone";
			};
			name = Debug;
		};
		39FFD7BB227CC28C00045565 /* Release */ = {
			isa = XCBuildConfiguration;
			buildSettings = {
				ALWAYS_SEARCH_USER_PATHS = NO;
				CLANG_ANALYZER_NONNULL = YES;
				CLANG_ANALYZER_NUMBER_OBJECT_CONVERSION = YES_AGGRESSIVE;
				CLANG_CXX_LANGUAGE_STANDARD = "gnu++14";
				CLANG_CXX_LIBRARY = "libc++";
				CLANG_ENABLE_MODULES = YES;
				CLANG_ENABLE_OBJC_ARC = YES;
				CLANG_ENABLE_OBJC_WEAK = YES;
				CLANG_WARN_BLOCK_CAPTURE_AUTORELEASING = YES;
				CLANG_WARN_BOOL_CONVERSION = YES;
				CLANG_WARN_COMMA = YES;
				CLANG_WARN_CONSTANT_CONVERSION = YES;
				CLANG_WARN_DEPRECATED_OBJC_IMPLEMENTATIONS = YES;
				CLANG_WARN_DIRECT_OBJC_ISA_USAGE = YES_ERROR;
				CLANG_WARN_DOCUMENTATION_COMMENTS = YES;
				CLANG_WARN_EMPTY_BODY = YES;
				CLANG_WARN_ENUM_CONVERSION = YES;
				CLANG_WARN_INFINITE_RECURSION = YES;
				CLANG_WARN_INT_CONVERSION = YES;
				CLANG_WARN_NON_LITERAL_NULL_CONVERSION = YES;
				CLANG_WARN_OBJC_IMPLICIT_RETAIN_SELF = YES;
				CLANG_WARN_OBJC_LITERAL_CONVERSION = YES;
				CLANG_WARN_OBJC_ROOT_CLASS = YES_ERROR;
				CLANG_WARN_RANGE_LOOP_ANALYSIS = YES;
				CLANG_WARN_STRICT_PROTOTYPES = YES;
				CLANG_WARN_SUSPICIOUS_MOVE = YES;
				CLANG_WARN_UNGUARDED_AVAILABILITY = YES_AGGRESSIVE;
				CLANG_WARN_UNREACHABLE_CODE = YES;
				CLANG_WARN__DUPLICATE_METHOD_MATCH = YES;
				CODE_SIGN_IDENTITY = "iPhone Developer";
				COPY_PHASE_STRIP = NO;
				DEBUG_INFORMATION_FORMAT = "dwarf-with-dsym";
				ENABLE_NS_ASSERTIONS = NO;
				ENABLE_STRICT_OBJC_MSGSEND = YES;
				GCC_C_LANGUAGE_STANDARD = gnu11;
				GCC_NO_COMMON_BLOCKS = YES;
				GCC_WARN_64_TO_32_BIT_CONVERSION = YES;
				GCC_WARN_ABOUT_RETURN_TYPE = YES_ERROR;
				GCC_WARN_UNDECLARED_SELECTOR = YES;
				GCC_WARN_UNINITIALIZED_AUTOS = YES_AGGRESSIVE;
				GCC_WARN_UNUSED_FUNCTION = YES;
				GCC_WARN_UNUSED_VARIABLE = YES;
				IPHONEOS_DEPLOYMENT_TARGET = 11.4;
				MTL_ENABLE_DEBUG_INFO = NO;
				SDKROOT = iphoneos;
				SWIFT_COMPILATION_MODE = wholemodule;
				SWIFT_OPTIMIZATION_LEVEL = "-O";
				VALIDATE_PRODUCT = YES;
			};
			name = Release;
		};
		39FFD7BD227CC28C00045565 /* Debug */ = {
			isa = XCBuildConfiguration;
			baseConfigurationReference = 91505E28FF1C4B4E72C9AF57 /* Pods-Todoey.debug.xcconfig */;
			buildSettings = {
				ASSETCATALOG_COMPILER_APPICON_NAME = AppIcon;
				CODE_SIGN_STYLE = Automatic;
				INFOPLIST_FILE = Todoey/Info.plist;
				LD_RUNPATH_SEARCH_PATHS = (
					"$(inherited)",
					"@executable_path/Frameworks",
				);
				PRODUCT_BUNDLE_IDENTIFIER = com.RosalieWessels.Todoey;
				PRODUCT_NAME = "$(TARGET_NAME)";
				SWIFT_VERSION = 4.0;
				TARGETED_DEVICE_FAMILY = "1,2";
			};
			name = Debug;
		};
		39FFD7BE227CC28C00045565 /* Release */ = {
			isa = XCBuildConfiguration;
			baseConfigurationReference = A8A0950271CEB2A8604AC669 /* Pods-Todoey.release.xcconfig */;
			buildSettings = {
				ASSETCATALOG_COMPILER_APPICON_NAME = AppIcon;
				CODE_SIGN_STYLE = Automatic;
				INFOPLIST_FILE = Todoey/Info.plist;
				LD_RUNPATH_SEARCH_PATHS = (
					"$(inherited)",
					"@executable_path/Frameworks",
				);
				PRODUCT_BUNDLE_IDENTIFIER = com.RosalieWessels.Todoey;
				PRODUCT_NAME = "$(TARGET_NAME)";
				SWIFT_VERSION = 4.0;
				TARGETED_DEVICE_FAMILY = "1,2";
			};
			name = Release;
		};
/* End XCBuildConfiguration section */

/* Begin XCConfigurationList section */
		39FFD7A5227CC28B00045565 /* Build configuration list for PBXProject "Todoey" */ = {
			isa = XCConfigurationList;
			buildConfigurations = (
				39FFD7BA227CC28C00045565 /* Debug */,
				39FFD7BB227CC28C00045565 /* Release */,
			);
			defaultConfigurationIsVisible = 0;
			defaultConfigurationName = Release;
		};
		39FFD7BC227CC28C00045565 /* Build configuration list for PBXNativeTarget "Todoey" */ = {
			isa = XCConfigurationList;
			buildConfigurations = (
				39FFD7BD227CC28C00045565 /* Debug */,
				39FFD7BE227CC28C00045565 /* Release */,
			);
			defaultConfigurationIsVisible = 0;
			defaultConfigurationName = Release;
		};
/* End XCConfigurationList section */
	};
	rootObject = 39FFD7A2227CC28B00045565 /* Project object */;
}
